
Microsoft Visual Studio Solution File, Format Version 12.00
# Visual Studio Version 16
VisualStudioVersion = 25.0.1704.2
MinimumVisualStudioVersion = 10.0.40219.1
Project("{FAE04EC0-301F-11D3-BF4B-00C04F79EFBC}") = "ApiGetWay", "ApiGetWay.csproj", "{66F518AC-2C5A-44C0-9CE8-B02717DE147D}"
EndProject
Global
	GlobalSection(SolutionConfigurationPlatforms) = preSolution
		Debug|Any CPU = Debug|Any CPU
		Release|Any CPU = Release|Any CPU
	EndGlobalSection
	GlobalSection(ProjectConfigurationPlatforms) = postSolution
		{66F518AC-2C5A-44C0-9CE8-B02717DE147D}.Debug|Any CPU.ActiveCfg = Debug|Any CPU
		{66F518AC-2C5A-44C0-9CE8-B02717DE147D}.Debug|Any CPU.Build.0 = Debug|Any CPU
		{66F518AC-2C5A-44C0-9CE8-B02717DE147D}.Release|Any CPU.ActiveCfg = Release|Any CPU
		{66F518AC-2C5A-44C0-9CE8-B02717DE147D}.Release|Any CPU.Build.0 = Release|Any CPU
	EndGlobalSection
	GlobalSection(SolutionProperties) = preSolution
		HideSolutionNode = FALSE
	EndGlobalSection
	GlobalSection(ExtensibilityGlobals) = postSolution
		SolutionGuid = {193123A4-CF85-4175-B17A-3FE3D15DE750}
	EndGlobalSection
EndGlobal
