
Microsoft Visual Studio Solution File, Format Version 12.00
# Visual Studio Version 16
VisualStudioVersion = 25.0.1704.2
MinimumVisualStudioVersion = 10.0.40219.1
Project("{FAE04EC0-301F-11D3-BF4B-00C04F79EFBC}") = "catalog.Api", "catalog.Api.csproj", "{DFF7DD80-5093-47B4-95DC-170563FB0CCA}"
EndProject
Global
	GlobalSection(SolutionConfigurationPlatforms) = preSolution
		Debug|Any CPU = Debug|Any CPU
		Release|Any CPU = Release|Any CPU
	EndGlobalSection
	GlobalSection(ProjectConfigurationPlatforms) = postSolution
		{DFF7DD80-5093-47B4-95DC-170563FB0CCA}.Debug|Any CPU.ActiveCfg = Debug|Any CPU
		{DFF7DD80-5093-47B4-95DC-170563FB0CCA}.Debug|Any CPU.Build.0 = Debug|Any CPU
		{DFF7DD80-5093-47B4-95DC-170563FB0CCA}.Release|Any CPU.ActiveCfg = Release|Any CPU
		{DFF7DD80-5093-47B4-95DC-170563FB0CCA}.Release|Any CPU.Build.0 = Release|Any CPU
	EndGlobalSection
	GlobalSection(SolutionProperties) = preSolution
		HideSolutionNode = FALSE
	EndGlobalSection
	GlobalSection(ExtensibilityGlobals) = postSolution
		SolutionGuid = {1B656011-3684-40F7-8CB2-EB03174F1B0D}
	EndGlobalSection
EndGlobal
